
Microsoft Visual Studio Solution File, Format Version 12.00
Project("{FAE04EC0-301F-11D3-BF4B-00C04F79EFBC}") = "Kompaktor", "Kompaktor\Kompaktor.csproj", "{4DF26B86-2089-49C4-AAB8-4CDE5E14708B}"
EndProject
Project("{FAE04EC0-301F-11D3-BF4B-00C04F79EFBC}") = "Kompaktor.Tests", "Kompaktor.Tests\Kompaktor.Tests.csproj", "{21580808-7659-490B-80CC-A43EDE0C495C}"
EndProject
Project("{2150E333-8FDC-42A3-9474-1A3956D46DE8}") = "Solution Items", "Solution Items", "{611F4109-246D-4B83-BE2C-6A418A756A1E}"
	ProjectSection(SolutionItems) = preProject
		docker-compose.yml = docker-compose.yml
	EndProjectSection
EndProject
Project("{FAE04EC0-301F-11D3-BF4B-00C04F79EFBC}") = "Kompaktor.Server", "Kompaktor.Server\Kompaktor.Server.csproj", "{5C66D143-7F44-4FAD-A6D5-A3D31EB3E0F5}"
EndProject
Project("{FAE04EC0-301F-11D3-BF4B-00C04F79EFBC}") = "Kompaktor.Client", "Kompaktor.Client\Kompaktor.Client.csproj", "{C9084C1C-9F84-4E65-BF0A-1C24A7BD7D9C}"
EndProject
Project("{2150E333-8FDC-42A3-9474-1A3956D46DE8}") = "lib", "lib", "{3A8DF596-E814-FECC-DD4B-D8EF8AAC1A0D}"
EndProject
Project("{2150E333-8FDC-42A3-9474-1A3956D46DE8}") = "NWabiSabi", "NWabiSabi", "{6A7F027E-7520-1D73-75F8-FC904ED6BC0B}"
EndProject
Project("{FAE04EC0-301F-11D3-BF4B-00C04F79EFBC}") = "WabiSabi", "lib\NWabiSabi\WabiSabi\WabiSabi.csproj", "{64E58E21-C107-44E7-A510-77768AC1F00C}"
EndProject
Project("{2150E333-8FDC-42A3-9474-1A3956D46DE8}") = "NBullet", "NBullet", "{B70FE21D-C0B2-033A-5460-28550E9BD3FE}"
EndProject
Project("{FAE04EC0-301F-11D3-BF4B-00C04F79EFBC}") = "NBullet", "lib\NBullet\NBullet\NBullet.csproj", "{B4D19794-04D3-4029-9328-7E4A9012C45B}"
EndProject
Project("{FAE04EC0-301F-11D3-BF4B-00C04F79EFBC}") = "NBullet.Secp256k1", "lib\NBullet\NBullet.Secp256k1\NBullet.Secp256k1.csproj", "{1F9FD4EB-27FE-42EC-B765-A13AAD6D9270}"
EndProject
Project("{FAE04EC0-301F-11D3-BF4B-00C04F79EFBC}") = "Kompaktor.AotTest", "Kompaktor.AotTest\Kompaktor.AotTest.csproj", "{22DEF210-DFFF-4559-BC36-C8BA2DFDC2B4}"
EndProject
Project("{FAE04EC0-301F-11D3-BF4B-00C04F79EFBC}") = "Kompaktor.Blockchain", "Kompaktor.Blockchain\Kompaktor.Blockchain.csproj", "{3B1C6579-BA85-437E-BE53-20EB3BF996D7}"
EndProject
Project("{FAE04EC0-301F-11D3-BF4B-00C04F79EFBC}") = "Kompaktor.Wallet", "Kompaktor.Wallet\Kompaktor.Wallet.csproj", "{715270A4-F0A0-4F78-9D00-2056BF84884B}"
EndProject
Global
	GlobalSection(SolutionConfigurationPlatforms) = preSolution
		Debug|Any CPU = Debug|Any CPU
		Debug|x64 = Debug|x64
		Debug|x86 = Debug|x86
		Release|Any CPU = Release|Any CPU
		Release|x64 = Release|x64
		Release|x86 = Release|x86
	EndGlobalSection
	GlobalSection(ProjectConfigurationPlatforms) = postSolution
		{4DF26B86-2089-49C4-AAB8-4CDE5E14708B}.Debug|Any CPU.ActiveCfg = Debug|Any CPU
		{4DF26B86-2089-49C4-AAB8-4CDE5E14708B}.Debug|Any CPU.Build.0 = Debug|Any CPU
		{4DF26B86-2089-49C4-AAB8-4CDE5E14708B}.Debug|x64.ActiveCfg = Debug|Any CPU
		{4DF26B86-2089-49C4-AAB8-4CDE5E14708B}.Debug|x64.Build.0 = Debug|Any CPU
		{4DF26B86-2089-49C4-AAB8-4CDE5E14708B}.Debug|x86.ActiveCfg = Debug|Any CPU
		{4DF26B86-2089-49C4-AAB8-4CDE5E14708B}.Debug|x86.Build.0 = Debug|Any CPU
		{4DF26B86-2089-49C4-AAB8-4CDE5E14708B}.Release|Any CPU.ActiveCfg = Release|Any CPU
		{4DF26B86-2089-49C4-AAB8-4CDE5E14708B}.Release|Any CPU.Build.0 = Release|Any CPU
		{4DF26B86-2089-49C4-AAB8-4CDE5E14708B}.Release|x64.ActiveCfg = Release|Any CPU
		{4DF26B86-2089-49C4-AAB8-4CDE5E14708B}.Release|x64.Build.0 = Release|Any CPU
		{4DF26B86-2089-49C4-AAB8-4CDE5E14708B}.Release|x86.ActiveCfg = Release|Any CPU
		{4DF26B86-2089-49C4-AAB8-4CDE5E14708B}.Release|x86.Build.0 = Release|Any CPU
		{21580808-7659-490B-80CC-A43EDE0C495C}.Debug|Any CPU.ActiveCfg = Debug|Any CPU
		{21580808-7659-490B-80CC-A43EDE0C495C}.Debug|Any CPU.Build.0 = Debug|Any CPU
		{21580808-7659-490B-80CC-A43EDE0C495C}.Debug|x64.ActiveCfg = Debug|Any CPU
		{21580808-7659-490B-80CC-A43EDE0C495C}.Debug|x64.Build.0 = Debug|Any CPU
		{21580808-7659-490B-80CC-A43EDE0C495C}.Debug|x86.ActiveCfg = Debug|Any CPU
		{21580808-7659-490B-80CC-A43EDE0C495C}.Debug|x86.Build.0 = Debug|Any CPU
		{21580808-7659-490B-80CC-A43EDE0C495C}.Release|Any CPU.ActiveCfg = Release|Any CPU
		{21580808-7659-490B-80CC-A43EDE0C495C}.Release|Any CPU.Build.0 = Release|Any CPU
		{21580808-7659-490B-80CC-A43EDE0C495C}.Release|x64.ActiveCfg = Release|Any CPU
		{21580808-7659-490B-80CC-A43EDE0C495C}.Release|x64.Build.0 = Release|Any CPU
		{21580808-7659-490B-80CC-A43EDE0C495C}.Release|x86.ActiveCfg = Release|Any CPU
		{21580808-7659-490B-80CC-A43EDE0C495C}.Release|x86.Build.0 = Release|Any CPU
		{5C66D143-7F44-4FAD-A6D5-A3D31EB3E0F5}.Debug|Any CPU.ActiveCfg = Debug|Any CPU
		{5C66D143-7F44-4FAD-A6D5-A3D31EB3E0F5}.Debug|Any CPU.Build.0 = Debug|Any CPU
		{5C66D143-7F44-4FAD-A6D5-A3D31EB3E0F5}.Debug|x64.ActiveCfg = Debug|Any CPU
		{5C66D143-7F44-4FAD-A6D5-A3D31EB3E0F5}.Debug|x64.Build.0 = Debug|Any CPU
		{5C66D143-7F44-4FAD-A6D5-A3D31EB3E0F5}.Debug|x86.ActiveCfg = Debug|Any CPU
		{5C66D143-7F44-4FAD-A6D5-A3D31EB3E0F5}.Debug|x86.Build.0 = Debug|Any CPU
		{5C66D143-7F44-4FAD-A6D5-A3D31EB3E0F5}.Release|Any CPU.ActiveCfg = Release|Any CPU
		{5C66D143-7F44-4FAD-A6D5-A3D31EB3E0F5}.Release|Any CPU.Build.0 = Release|Any CPU
		{5C66D143-7F44-4FAD-A6D5-A3D31EB3E0F5}.Release|x64.ActiveCfg = Release|Any CPU
		{5C66D143-7F44-4FAD-A6D5-A3D31EB3E0F5}.Release|x64.Build.0 = Release|Any CPU
		{5C66D143-7F44-4FAD-A6D5-A3D31EB3E0F5}.Release|x86.ActiveCfg = Release|Any CPU
		{5C66D143-7F44-4FAD-A6D5-A3D31EB3E0F5}.Release|x86.Build.0 = Release|Any CPU
		{C9084C1C-9F84-4E65-BF0A-1C24A7BD7D9C}.Debug|Any CPU.ActiveCfg = Debug|Any CPU
		{C9084C1C-9F84-4E65-BF0A-1C24A7BD7D9C}.Debug|Any CPU.Build.0 = Debug|Any CPU
		{C9084C1C-9F84-4E65-BF0A-1C24A7BD7D9C}.Debug|x64.ActiveCfg = Debug|Any CPU
		{C9084C1C-9F84-4E65-BF0A-1C24A7BD7D9C}.Debug|x64.Build.0 = Debug|Any CPU
		{C9084C1C-9F84-4E65-BF0A-1C24A7BD7D9C}.Debug|x86.ActiveCfg = Debug|Any CPU
		{C9084C1C-9F84-4E65-BF0A-1C24A7BD7D9C}.Debug|x86.Build.0 = Debug|Any CPU
		{C9084C1C-9F84-4E65-BF0A-1C24A7BD7D9C}.Release|Any CPU.ActiveCfg = Release|Any CPU
		{C9084C1C-9F84-4E65-BF0A-1C24A7BD7D9C}.Release|Any CPU.Build.0 = Release|Any CPU
		{C9084C1C-9F84-4E65-BF0A-1C24A7BD7D9C}.Release|x64.ActiveCfg = Release|Any CPU
		{C9084C1C-9F84-4E65-BF0A-1C24A7BD7D9C}.Release|x64.Build.0 = Release|Any CPU
		{C9084C1C-9F84-4E65-BF0A-1C24A7BD7D9C}.Release|x86.ActiveCfg = Release|Any CPU
		{C9084C1C-9F84-4E65-BF0A-1C24A7BD7D9C}.Release|x86.Build.0 = Release|Any CPU
		{64E58E21-C107-44E7-A510-77768AC1F00C}.Debug|Any CPU.ActiveCfg = Debug|Any CPU
		{64E58E21-C107-44E7-A510-77768AC1F00C}.Debug|Any CPU.Build.0 = Debug|Any CPU
		{64E58E21-C107-44E7-A510-77768AC1F00C}.Debug|x64.ActiveCfg = Debug|Any CPU
		{64E58E21-C107-44E7-A510-77768AC1F00C}.Debug|x64.Build.0 = Debug|Any CPU
		{64E58E21-C107-44E7-A510-77768AC1F00C}.Debug|x86.ActiveCfg = Debug|Any CPU
		{64E58E21-C107-44E7-A510-77768AC1F00C}.Debug|x86.Build.0 = Debug|Any CPU
		{64E58E21-C107-44E7-A510-77768AC1F00C}.Release|Any CPU.ActiveCfg = Release|Any CPU
		{64E58E21-C107-44E7-A510-77768AC1F00C}.Release|Any CPU.Build.0 = Release|Any CPU
		{64E58E21-C107-44E7-A510-77768AC1F00C}.Release|x64.ActiveCfg = Release|Any CPU
		{64E58E21-C107-44E7-A510-77768AC1F00C}.Release|x64.Build.0 = Release|Any CPU
		{64E58E21-C107-44E7-A510-77768AC1F00C}.Release|x86.ActiveCfg = Release|Any CPU
		{64E58E21-C107-44E7-A510-77768AC1F00C}.Release|x86.Build.0 = Release|Any CPU
		{B4D19794-04D3-4029-9328-7E4A9012C45B}.Debug|Any CPU.ActiveCfg = Debug|Any CPU
		{B4D19794-04D3-4029-9328-7E4A9012C45B}.Debug|Any CPU.Build.0 = Debug|Any CPU
		{B4D19794-04D3-4029-9328-7E4A9012C45B}.Debug|x64.ActiveCfg = Debug|Any CPU
		{B4D19794-04D3-4029-9328-7E4A9012C45B}.Debug|x64.Build.0 = Debug|Any CPU
		{B4D19794-04D3-4029-9328-7E4A9012C45B}.Debug|x86.ActiveCfg = Debug|Any CPU
		{B4D19794-04D3-4029-9328-7E4A9012C45B}.Debug|x86.Build.0 = Debug|Any CPU
		{B4D19794-04D3-4029-9328-7E4A9012C45B}.Release|Any CPU.ActiveCfg = Release|Any CPU
		{B4D19794-04D3-4029-9328-7E4A9012C45B}.Release|Any CPU.Build.0 = Release|Any CPU
		{B4D19794-04D3-4029-9328-7E4A9012C45B}.Release|x64.ActiveCfg = Release|Any CPU
		{B4D19794-04D3-4029-9328-7E4A9012C45B}.Release|x64.Build.0 = Release|Any CPU
		{B4D19794-04D3-4029-9328-7E4A9012C45B}.Release|x86.ActiveCfg = Release|Any CPU
		{B4D19794-04D3-4029-9328-7E4A9012C45B}.Release|x86.Build.0 = Release|Any CPU
		{1F9FD4EB-27FE-42EC-B765-A13AAD6D9270}.Debug|Any CPU.ActiveCfg = Debug|Any CPU
		{1F9FD4EB-27FE-42EC-B765-A13AAD6D9270}.Debug|Any CPU.Build.0 = Debug|Any CPU
		{1F9FD4EB-27FE-42EC-B765-A13AAD6D9270}.Debug|x64.ActiveCfg = Debug|Any CPU
		{1F9FD4EB-27FE-42EC-B765-A13AAD6D9270}.Debug|x64.Build.0 = Debug|Any CPU
		{1F9FD4EB-27FE-42EC-B765-A13AAD6D9270}.Debug|x86.ActiveCfg = Debug|Any CPU
		{1F9FD4EB-27FE-42EC-B765-A13AAD6D9270}.Debug|x86.Build.0 = Debug|Any CPU
		{1F9FD4EB-27FE-42EC-B765-A13AAD6D9270}.Release|Any CPU.ActiveCfg = Release|Any CPU
		{1F9FD4EB-27FE-42EC-B765-A13AAD6D9270}.Release|Any CPU.Build.0 = Release|Any CPU
		{1F9FD4EB-27FE-42EC-B765-A13AAD6D9270}.Release|x64.ActiveCfg = Release|Any CPU
		{1F9FD4EB-27FE-42EC-B765-A13AAD6D9270}.Release|x64.Build.0 = Release|Any CPU
		{1F9FD4EB-27FE-42EC-B765-A13AAD6D9270}.Release|x86.ActiveCfg = Release|Any CPU
		{1F9FD4EB-27FE-42EC-B765-A13AAD6D9270}.Release|x86.Build.0 = Release|Any CPU
		{22DEF210-DFFF-4559-BC36-C8BA2DFDC2B4}.Debug|Any CPU.ActiveCfg = Debug|Any CPU
		{22DEF210-DFFF-4559-BC36-C8BA2DFDC2B4}.Debug|Any CPU.Build.0 = Debug|Any CPU
		{22DEF210-DFFF-4559-BC36-C8BA2DFDC2B4}.Debug|x64.ActiveCfg = Debug|Any CPU
		{22DEF210-DFFF-4559-BC36-C8BA2DFDC2B4}.Debug|x64.Build.0 = Debug|Any CPU
		{22DEF210-DFFF-4559-BC36-C8BA2DFDC2B4}.Debug|x86.ActiveCfg = Debug|Any CPU
		{22DEF210-DFFF-4559-BC36-C8BA2DFDC2B4}.Debug|x86.Build.0 = Debug|Any CPU
		{22DEF210-DFFF-4559-BC36-C8BA2DFDC2B4}.Release|Any CPU.ActiveCfg = Release|Any CPU
		{22DEF210-DFFF-4559-BC36-C8BA2DFDC2B4}.Release|Any CPU.Build.0 = Release|Any CPU
		{22DEF210-DFFF-4559-BC36-C8BA2DFDC2B4}.Release|x64.ActiveCfg = Release|Any CPU
		{22DEF210-DFFF-4559-BC36-C8BA2DFDC2B4}.Release|x64.Build.0 = Release|Any CPU
		{22DEF210-DFFF-4559-BC36-C8BA2DFDC2B4}.Release|x86.ActiveCfg = Release|Any CPU
		{22DEF210-DFFF-4559-BC36-C8BA2DFDC2B4}.Release|x86.Build.0 = Release|Any CPU
		{3B1C6579-BA85-437E-BE53-20EB3BF996D7}.Debug|Any CPU.ActiveCfg = Debug|Any CPU
		{3B1C6579-BA85-437E-BE53-20EB3BF996D7}.Debug|Any CPU.Build.0 = Debug|Any CPU
		{3B1C6579-BA85-437E-BE53-20EB3BF996D7}.Debug|x64.ActiveCfg = Debug|Any CPU
		{3B1C6579-BA85-437E-BE53-20EB3BF996D7}.Debug|x64.Build.0 = Debug|Any CPU
		{3B1C6579-BA85-437E-BE53-20EB3BF996D7}.Debug|x86.ActiveCfg = Debug|Any CPU
		{3B1C6579-BA85-437E-BE53-20EB3BF996D7}.Debug|x86.Build.0 = Debug|Any CPU
		{3B1C6579-BA85-437E-BE53-20EB3BF996D7}.Release|Any CPU.ActiveCfg = Release|Any CPU
		{3B1C6579-BA85-437E-BE53-20EB3BF996D7}.Release|Any CPU.Build.0 = Release|Any CPU
		{3B1C6579-BA85-437E-BE53-20EB3BF996D7}.Release|x64.ActiveCfg = Release|Any CPU
		{3B1C6579-BA85-437E-BE53-20EB3BF996D7}.Release|x64.Build.0 = Release|Any CPU
		{3B1C6579-BA85-437E-BE53-20EB3BF996D7}.Release|x86.ActiveCfg = Release|Any CPU
		{3B1C6579-BA85-437E-BE53-20EB3BF996D7}.Release|x86.Build.0 = Release|Any CPU
		{715270A4-F0A0-4F78-9D00-2056BF84884B}.Debug|Any CPU.ActiveCfg = Debug|Any CPU
		{715270A4-F0A0-4F78-9D00-2056BF84884B}.Debug|Any CPU.Build.0 = Debug|Any CPU
		{715270A4-F0A0-4F78-9D00-2056BF84884B}.Debug|x64.ActiveCfg = Debug|Any CPU
		{715270A4-F0A0-4F78-9D00-2056BF84884B}.Debug|x64.Build.0 = Debug|Any CPU
		{715270A4-F0A0-4F78-9D00-2056BF84884B}.Debug|x86.ActiveCfg = Debug|Any CPU
		{715270A4-F0A0-4F78-9D00-2056BF84884B}.Debug|x86.Build.0 = Debug|Any CPU
		{715270A4-F0A0-4F78-9D00-2056BF84884B}.Release|Any CPU.ActiveCfg = Release|Any CPU
		{715270A4-F0A0-4F78-9D00-2056BF84884B}.Release|Any CPU.Build.0 = Release|Any CPU
		{715270A4-F0A0-4F78-9D00-2056BF84884B}.Release|x64.ActiveCfg = Release|Any CPU
		{715270A4-F0A0-4F78-9D00-2056BF84884B}.Release|x64.Build.0 = Release|Any CPU
		{715270A4-F0A0-4F78-9D00-2056BF84884B}.Release|x86.ActiveCfg = Release|Any CPU
		{715270A4-F0A0-4F78-9D00-2056BF84884B}.Release|x86.Build.0 = Release|Any CPU
	EndGlobalSection
	GlobalSection(SolutionProperties) = preSolution
		HideSolutionNode = FALSE
	EndGlobalSection
	GlobalSection(NestedProjects) = preSolution
		{6A7F027E-7520-1D73-75F8-FC904ED6BC0B} = {3A8DF596-E814-FECC-DD4B-D8EF8AAC1A0D}
		{64E58E21-C107-44E7-A510-77768AC1F00C} = {6A7F027E-7520-1D73-75F8-FC904ED6BC0B}
		{B70FE21D-C0B2-033A-5460-28550E9BD3FE} = {3A8DF596-E814-FECC-DD4B-D8EF8AAC1A0D}
		{B4D19794-04D3-4029-9328-7E4A9012C45B} = {B70FE21D-C0B2-033A-5460-28550E9BD3FE}
		{1F9FD4EB-27FE-42EC-B765-A13AAD6D9270} = {B70FE21D-C0B2-033A-5460-28550E9BD3FE}
	EndGlobalSection
EndGlobal
